lockfileVersion: 5.4

specifiers:
  qiniu-js: ^3.4.1
  spark-md5: ^3.0.2

dependencies:
  qiniu-js: registry.npmmirror.com/qiniu-js/3.4.1
  spark-md5: registry.npmmirror.com/spark-md5/3.0.2

packages:

  registry.npmmirror.com/@babel/runtime-corejs2/7.20.6:
    resolution: {integrity: sha512-6qz3LPkwPDBDEAOsf/fXdsX/c5u2GNy33QlY1caaR8qPVG2Q0tTkS0mKYMXRhT9wsDQAAEj4T7scykRB3nBjWA==, registry: https://registry.npm.taobao.org/, tarball: https://registry.npmmirror.com/@babel/runtime-corejs2/-/runtime-corejs2-7.20.6.tgz}
    name: '@babel/runtime-corejs2'
    version: 7.20.6
    engines: {node: '>=6.9.0'}
    dependencies:
      core-js: registry.npmmirror.com/core-js/2.6.12
      regenerator-runtime: registry.npmmirror.com/regenerator-runtime/0.13.11
    dev: false

  registry.npmmirror.com/core-js/2.6.12:
    resolution: {integrity: sha512-Kb2wC0fvsWfQrgk8HU5lW6U/Lcs8+9aaYcy4ZFc6DDlo4nZ7n70dEgE5rtR0oG6ufKDUnrwfWL1mXR5ljDatrQ==, registry: https://registry.npm.taobao.org/, tarball: https://registry.npmmirror.com/core-js/-/core-js-2.6.12.tgz}
    name: core-js
    version: 2.6.12
    deprecated: core-js@<3.23.3 is no longer maintained and not recommended for usage due to the number of issues. Because of the V8 engine whims, feature detection in old core-js versions could cause a slowdown up to 100x even if nothing is polyfilled. Some versions have web compatibility issues. Please, upgrade your dependencies to the actual version of core-js.
    requiresBuild: true
    dev: false

  registry.npmmirror.com/qiniu-js/3.4.1:
    resolution: {integrity: sha512-8vxrLqDPlJUk3fUAaTozh3TAT3ww9B5KqGogmGuTiFHnewXDoMxTCSY5z8Ab5UNdrCo6ZxDM07G/o++CICRUFw==, registry: https://registry.npm.taobao.org/, tarball: https://registry.npmmirror.com/qiniu-js/-/qiniu-js-3.4.1.tgz}
    name: qiniu-js
    version: 3.4.1
    dependencies:
      '@babel/runtime-corejs2': registry.npmmirror.com/@babel/runtime-corejs2/7.20.6
      querystring: registry.npmmirror.com/querystring/0.2.1
      spark-md5: registry.npmmirror.com/spark-md5/3.0.2
    dev: false

  registry.npmmirror.com/querystring/0.2.1:
    resolution: {integrity: sha512-wkvS7mL/JMugcup3/rMitHmd9ecIGd2lhFhK9N3UUQ450h66d1r3Y9nvXzQAW1Lq+wyx61k/1pfKS5KuKiyEbg==, registry: https://registry.npm.taobao.org/, tarball: https://registry.npmmirror.com/querystring/-/querystring-0.2.1.tgz}
    name: querystring
    version: 0.2.1
    engines: {node: '>=0.4.x'}
    deprecated: The querystring API is considered Legacy. new code should use the URLSearchParams API instead.
    dev: false

  registry.npmmirror.com/regenerator-runtime/0.13.11:
    resolution: {integrity: sha512-kY1AZVr2Ra+t+piVaJ4gxaFaReZVH40AKNo7UCX6W+dEwBo/2oZJzqfuN1qLq1oL45o56cPaTXELwrTh8Fpggg==, registry: https://registry.npm.taobao.org/, tarball: https://registry.npmmirror.com/regenerator-runtime/-/regenerator-runtime-0.13.11.tgz}
    name: regenerator-runtime
    version: 0.13.11
    dev: false

  registry.npmmirror.com/spark-md5/3.0.2:
    resolution: {integrity: sha512-wcFzz9cDfbuqe0FZzfi2or1sgyIrsDwmPwfZC4hiNidPdPINjeUwNfv5kldczoEAcjl9Y1L3SM7Uz2PUEQzxQw==, registry: https://registry.npm.taobao.org/, tarball: https://registry.npmmirror.com/spark-md5/-/spark-md5-3.0.2.tgz}
    name: spark-md5
    version: 3.0.2
    dev: false
